// !$*UTF8*$!
{
	archiveVersion = 1;
	classes = {
	};
	objectVersion = 52;
	objects = {

/* Begin PBXBuildFile section */
		C8263A9625BA36D300498258 /* PasswordsDetail.swift in Sources */ = {isa = PBXBuildFile; fileRef = C8263A9525BA36D300498258 /* PasswordsDetail.swift */; };
		C826572725B8E44000B403A6 /* CryptGuard_iOSApp.swift in Sources */ = {isa = PBXBuildFile; fileRef = C826572625B8E44000B403A6 /* CryptGuard_iOSApp.swift */; };
		C826572925B8E44000B403A6 /* ContentView.swift in Sources */ = {isa = PBXBuildFile; fileRef = C826572825B8E44000B403A6 /* ContentView.swift */; };
		C826572B25B8E44900B403A6 /* Assets.xcassets in Resources */ = {isa = PBXBuildFile; fileRef = C826572A25B8E44900B403A6 /* Assets.xcassets */; };
		C826572E25B8E44900B403A6 /* Preview Assets.xcassets in Resources */ = {isa = PBXBuildFile; fileRef = C826572D25B8E44900B403A6 /* Preview Assets.xcassets */; };
		C826573725B8F8C200B403A6 /* MenuOption.swift in Sources */ = {isa = PBXBuildFile; fileRef = C826573625B8F8C200B403A6 /* MenuOption.swift */; };
		C826C84B25BCEF4A00D718A7 /* PasswordGeneratorScreen.swift in Sources */ = {isa = PBXBuildFile; fileRef = C826C84A25BCEF4A00D718A7 /* PasswordGeneratorScreen.swift */; };
		C826C84E25BCF54500D718A7 /* EncrypterScreen.swift in Sources */ = {isa = PBXBuildFile; fileRef = C826C84D25BCF54500D718A7 /* EncrypterScreen.swift */; };
		C826C85125BCF99200D718A7 /* DatabaseScreen.swift in Sources */ = {isa = PBXBuildFile; fileRef = C826C85025BCF99200D718A7 /* DatabaseScreen.swift */; };
		C826C85425BCFEC200D718A7 /* OnlineAccountScreen.swift in Sources */ = {isa = PBXBuildFile; fileRef = C826C85325BCFEC200D718A7 /* OnlineAccountScreen.swift */; };
		C82B4A9225CCBC8600AC5620 /* EncryptedDocument.swift in Sources */ = {isa = PBXBuildFile; fileRef = C82B4A9125CCBC8600AC5620 /* EncryptedDocument.swift */; };
		C82DACA225CDE9D800965BB7 /* DatabaseUtils.swift in Sources */ = {isa = PBXBuildFile; fileRef = C82DACA125CDE9D800965BB7 /* DatabaseUtils.swift */; };
		C82F335525CE3B0800564852 /* utils.swift in Sources */ = {isa = PBXBuildFile; fileRef = C82F335425CE3B0800564852 /* utils.swift */; };
		C831E6C925C8B05300E9B9A2 /* PasswordDataModel.swift in Sources */ = {isa = PBXBuildFile; fileRef = C831E6C825C8B05300E9B9A2 /* PasswordDataModel.swift */; };
		C8342EAC25CA3F3000631914 /* Encrypter.swift in Sources */ = {isa = PBXBuildFile; fileRef = C8342EAB25CA3F3000631914 /* Encrypter.swift */; };
		C888986C25CB4C1A00908582 /* CryptoSwift in Frameworks */ = {isa = PBXBuildFile; productRef = C888986B25CB4C1A00908582 /* CryptoSwift */; };
		C8BF399E25C5FFAF00654042 /* PasswordGenerator.swift in Sources */ = {isa = PBXBuildFile; fileRef = C8BF399D25C5FFAF00654042 /* PasswordGenerator.swift */; };
		C8F09F3125BA2F44007F3B06 /* PasswordsListScreen.swift in Sources */ = {isa = PBXBuildFile; fileRef = C8F09F3025BA2F44007F3B06 /* PasswordsListScreen.swift */; };
/* End PBXBuildFile section */

/* Begin PBXFileReference section */
		55F2C42F7DFBB794A318A9D4 /* Pods-CryptGuard_iOS.release.xcconfig */ = {isa = PBXFileReference; includeInIndex = 1; lastKnownFileType = text.xcconfig; name = "Pods-CryptGuard_iOS.release.xcconfig"; path = "Target Support Files/Pods-CryptGuard_iOS/Pods-CryptGuard_iOS.release.xcconfig"; sourceTree = "<group>"; };
		A2C14B45E9AC5B58D22168AE /* Pods-CryptGuard_iOS.debug.xcconfig */ = {isa = PBXFileReference; includeInIndex = 1; lastKnownFileType = text.xcconfig; name = "Pods-CryptGuard_iOS.debug.xcconfig"; path = "Target Support Files/Pods-CryptGuard_iOS/Pods-CryptGuard_iOS.debug.xcconfig"; sourceTree = "<group>"; };
		C8263A9525BA36D300498258 /* PasswordsDetail.swift */ = {isa = PBXFileReference; lastKnownFileType = sourcecode.swift; path = PasswordsDetail.swift; sourceTree = "<group>"; };
		C826572325B8E44000B403A6 /* CryptGuard_iOS.app */ = {isa = PBXFileReference; explicitFileType = wrapper.application; includeInIndex = 0; path = CryptGuard_iOS.app; sourceTree = BUILT_PRODUCTS_DIR; };
		C826572625B8E44000B403A6 /* CryptGuard_iOSApp.swift */ = {isa = PBXFileReference; lastKnownFileType = sourcecode.swift; path = CryptGuard_iOSApp.swift; sourceTree = "<group>"; };
		C826572825B8E44000B403A6 /* ContentView.swift */ = {isa = PBXFileReference; lastKnownFileType = sourcecode.swift; path = ContentView.swift; sourceTree = "<group>"; };
		C826572A25B8E44900B403A6 /* Assets.xcassets */ = {isa = PBXFileReference; lastKnownFileType = folder.assetcatalog; path = Assets.xcassets; sourceTree = "<group>"; };
		C826572D25B8E44900B403A6 /* Preview Assets.xcassets */ = {isa = PBXFileReference; lastKnownFileType = folder.assetcatalog; path = "Preview Assets.xcassets"; sourceTree = "<group>"; };
		C826572F25B8E44900B403A6 /* Info.plist */ = {isa = PBXFileReference; lastKnownFileType = text.plist.xml; path = Info.plist; sourceTree = "<group>"; };
		C826573625B8F8C200B403A6 /* MenuOption.swift */ = {isa = PBXFileReference; lastKnownFileType = sourcecode.swift; path = MenuOption.swift; sourceTree = "<group>"; };
		C826C84A25BCEF4A00D718A7 /* PasswordGeneratorScreen.swift */ = {isa = PBXFileReference; lastKnownFileType = sourcecode.swift; path = PasswordGeneratorScreen.swift; sourceTree = "<group>"; };
		C826C84D25BCF54500D718A7 /* EncrypterScreen.swift */ = {isa = PBXFileReference; lastKnownFileType = sourcecode.swift; path = EncrypterScreen.swift; sourceTree = "<group>"; };
		C826C85025BCF99200D718A7 /* DatabaseScreen.swift */ = {isa = PBXFileReference; lastKnownFileType = sourcecode.swift; path = DatabaseScreen.swift; sourceTree = "<group>"; };
		C826C85325BCFEC200D718A7 /* OnlineAccountScreen.swift */ = {isa = PBXFileReference; lastKnownFileType = sourcecode.swift; path = OnlineAccountScreen.swift; sourceTree = "<group>"; };
		C82B4A9125CCBC8600AC5620 /* EncryptedDocument.swift */ = {isa = PBXFileReference; lastKnownFileType = sourcecode.swift; path = EncryptedDocument.swift; sourceTree = "<group>"; };
		C82DACA125CDE9D800965BB7 /* DatabaseUtils.swift */ = {isa = PBXFileReference; lastKnownFileType = sourcecode.swift; path = DatabaseUtils.swift; sourceTree = "<group>"; };
		C82F335425CE3B0800564852 /* utils.swift */ = {isa = PBXFileReference; lastKnownFileType = sourcecode.swift; path = utils.swift; sourceTree = "<group>"; };
		C831E6C825C8B05300E9B9A2 /* PasswordDataModel.swift */ = {isa = PBXFileReference; lastKnownFileType = sourcecode.swift; name = PasswordDataModel.swift; path = CryptGuard_iOS/models/PasswordDataModel.swift; sourceTree = SOURCE_ROOT; };
		C8342EAB25CA3F3000631914 /* Encrypter.swift */ = {isa = PBXFileReference; lastKnownFileType = sourcecode.swift; path = Encrypter.swift; sourceTree = "<group>"; };
		C8BF399D25C5FFAF00654042 /* PasswordGenerator.swift */ = {isa = PBXFileReference; lastKnownFileType = sourcecode.swift; path = PasswordGenerator.swift; sourceTree = "<group>"; };
		C8F09F3025BA2F44007F3B06 /* PasswordsListScreen.swift */ = {isa = PBXFileReference; lastKnownFileType = sourcecode.swift; path = PasswordsListScreen.swift; sourceTree = "<group>"; };
/* End PBXFileReference section */

/* Begin PBXFrameworksBuildPhase section */
		C826572025B8E44000B403A6 /* Frameworks */ = {
			isa = PBXFrameworksBuildPhase;
			buildActionMask = 2147483647;
			files = (
				C888986C25CB4C1A00908582 /* CryptoSwift in Frameworks */,
			);
			runOnlyForDeploymentPostprocessing = 0;
		};
/* End PBXFrameworksBuildPhase section */

/* Begin PBXGroup section */
		58E9F27770869DFB381B25BA /* Pods */ = {
			isa = PBXGroup;
			children = (
				A2C14B45E9AC5B58D22168AE /* Pods-CryptGuard_iOS.debug.xcconfig */,
				55F2C42F7DFBB794A318A9D4 /* Pods-CryptGuard_iOS.release.xcconfig */,
			);
			path = Pods;
			sourceTree = "<group>";
		};
		C7FA7FC90AFE05C335674EFF /* Frameworks */ = {
			isa = PBXGroup;
			children = (
			);
			name = Frameworks;
			sourceTree = "<group>";
		};
		C826571A25B8E44000B403A6 = {
			isa = PBXGroup;
			children = (
				C826572525B8E44000B403A6 /* CryptGuard_iOS */,
				C826572425B8E44000B403A6 /* Products */,
				58E9F27770869DFB381B25BA /* Pods */,
				C7FA7FC90AFE05C335674EFF /* Frameworks */,
			);
			sourceTree = "<group>";
		};
		C826572425B8E44000B403A6 /* Products */ = {
			isa = PBXGroup;
			children = (
				C826572325B8E44000B403A6 /* CryptGuard_iOS.app */,
			);
			name = Products;
			sourceTree = "<group>";
		};
		C826572525B8E44000B403A6 /* CryptGuard_iOS */ = {
			isa = PBXGroup;
			children = (
				C831E6D025C8F2AE00E9B9A2 /* models */,
				C8BF399C25C5FF8700654042 /* encryption_utils */,
				C83302F525BA47C800FB4275 /* database */,
				C83302F325BA478400FB4275 /* UI */,
				C826572625B8E44000B403A6 /* CryptGuard_iOSApp.swift */,
				C826572825B8E44000B403A6 /* ContentView.swift */,
				C826572A25B8E44900B403A6 /* Assets.xcassets */,
				C826572F25B8E44900B403A6 /* Info.plist */,
				C826572C25B8E44900B403A6 /* Preview Content */,
			);
			path = CryptGuard_iOS;
			sourceTree = "<group>";
		};
		C826572C25B8E44900B403A6 /* Preview Content */ = {
			isa = PBXGroup;
			children = (
				C826572D25B8E44900B403A6 /* Preview Assets.xcassets */,
			);
			path = "Preview Content";
			sourceTree = "<group>";
		};
		C831E6D025C8F2AE00E9B9A2 /* models */ = {
			isa = PBXGroup;
			children = (
				C831E6C825C8B05300E9B9A2 /* PasswordDataModel.swift */,
				C82B4A9125CCBC8600AC5620 /* EncryptedDocument.swift */,
			);
			path = models;
			sourceTree = "<group>";
		};
		C83302F325BA478400FB4275 /* UI */ = {
			isa = PBXGroup;
			children = (
				C8263A9525BA36D300498258 /* PasswordsDetail.swift */,
				C8F09F3025BA2F44007F3B06 /* PasswordsListScreen.swift */,
				C826573625B8F8C200B403A6 /* MenuOption.swift */,
				C826C84A25BCEF4A00D718A7 /* PasswordGeneratorScreen.swift */,
				C826C84D25BCF54500D718A7 /* EncrypterScreen.swift */,
				C826C85025BCF99200D718A7 /* DatabaseScreen.swift */,
				C826C85325BCFEC200D718A7 /* OnlineAccountScreen.swift */,
			);
			path = UI;
			sourceTree = "<group>";
		};
		C83302F525BA47C800FB4275 /* database */ = {
			isa = PBXGroup;
			children = (
				C82DACA125CDE9D800965BB7 /* DatabaseUtils.swift */,
			);
			path = database;
			sourceTree = "<group>";
		};
		C8BF399C25C5FF8700654042 /* encryption_utils */ = {
			isa = PBXGroup;
			children = (
				C8BF399D25C5FFAF00654042 /* PasswordGenerator.swift */,
				C8342EAB25CA3F3000631914 /* Encrypter.swift */,
				C82F335425CE3B0800564852 /* utils.swift */,
			);
			path = encryption_utils;
			sourceTree = "<group>";
		};
/* End PBXGroup section */

/* Begin PBXNativeTarget section */
		C826572225B8E44000B403A6 /* CryptGuard_iOS */ = {
			isa = PBXNativeTarget;
			buildConfigurationList = C826573225B8E44900B403A6 /* Build configuration list for PBXNativeTarget "CryptGuard_iOS" */;
			buildPhases = (
				C5E6842E75E20BBFB931CCEC /* [CP] Check Pods Manifest.lock */,
				C826571F25B8E44000B403A6 /* Sources */,
				C826572025B8E44000B403A6 /* Frameworks */,
				C826572125B8E44000B403A6 /* Resources */,
				F57DDF2053526CE5CB2FA86D /* [CP] Embed Pods Frameworks */,
			);
			buildRules = (
			);
			dependencies = (
			);
			name = CryptGuard_iOS;
			packageProductDependencies = (
				C888986B25CB4C1A00908582 /* CryptoSwift */,
			);
			productName = CryptGuard_iOS;
			productReference = C826572325B8E44000B403A6 /* CryptGuard_iOS.app */;
			productType = "com.apple.product-type.application";
		};
/* End PBXNativeTarget section */

/* Begin PBXProject section */
		C826571B25B8E44000B403A6 /* Project object */ = {
			isa = PBXProject;
			attributes = {
				KnownAssetTags = (
					New,
				);
				LastSwiftUpdateCheck = 1200;
				LastUpgradeCheck = 1200;
				TargetAttributes = {
					C826572225B8E44000B403A6 = {
						CreatedOnToolsVersion = 12.0.1;
					};
				};
			};
			buildConfigurationList = C826571E25B8E44000B403A6 /* Build configuration list for PBXProject "CryptGuard_iOS" */;
			compatibilityVersion = "Xcode 9.3";
			developmentRegion = en;
			hasScannedForEncodings = 0;
			knownRegions = (
				en,
				Base,
			);
			mainGroup = C826571A25B8E44000B403A6;
			packageReferences = (
				C888986A25CB4C1A00908582 /* XCRemoteSwiftPackageReference "CryptoSwift" */,
			);
			productRefGroup = C826572425B8E44000B403A6 /* Products */;
			projectDirPath = "";
			projectRoot = "";
			targets = (
				C826572225B8E44000B403A6 /* CryptGuard_iOS */,
			);
		};
/* End PBXProject section */

/* Begin PBXResourcesBuildPhase section */
		C826572125B8E44000B403A6 /* Resources */ = {
			isa = PBXResourcesBuildPhase;
			buildActionMask = 2147483647;
			files = (
				C826572E25B8E44900B403A6 /* Preview Assets.xcassets in Resources */,
				C826572B25B8E44900B403A6 /* Assets.xcassets in Resources */,
			);
			runOnlyForDeploymentPostprocessing = 0;
		};
/* End PBXResourcesBuildPhase section */

/* Begin PBXShellScriptBuildPhase section */
		C5E6842E75E20BBFB931CCEC /* [CP] Check Pods Manifest.lock */ = {
			isa = PBXShellScriptBuildPhase;
			buildActionMask = 2147483647;
			files = (
			);
			inputFileListPaths = (
			);
			inputPaths = (
				"${PODS_PODFILE_DIR_PATH}/Podfile.lock",
				"${PODS_ROOT}/Manifest.lock",
			);
			name = "[CP] Check Pods Manifest.lock";
			outputFileListPaths = (
			);
			outputPaths = (
				"$(DERIVED_FILE_DIR)/Pods-CryptGuard_iOS-checkManifestLockResult.txt",
			);
			runOnlyForDeploymentPostprocessing = 0;
			shellPath = /bin/sh;
			shellScript = "diff \"${PODS_PODFILE_DIR_PATH}/Podfile.lock\" \"${PODS_ROOT}/Manifest.lock\" > /dev/null\nif [ $? != 0 ] ; then\n    # print error to STDERR\n    echo \"error: The sandbox is not in sync with the Podfile.lock. Run 'pod install' or update your CocoaPods installation.\" >&2\n    exit 1\nfi\n# This output is used by Xcode 'outputs' to avoid re-running this script phase.\necho \"SUCCESS\" > \"${SCRIPT_OUTPUT_FILE_0}\"\n";
			showEnvVarsInLog = 0;
		};
		F57DDF2053526CE5CB2FA86D /* [CP] Embed Pods Frameworks */ = {
			isa = PBXShellScriptBuildPhase;
			buildActionMask = 2147483647;
			files = (
			);
			inputFileListPaths = (
				"${PODS_ROOT}/Target Support Files/Pods-CryptGuard_iOS/Pods-CryptGuard_iOS-frameworks-${CONFIGURATION}-input-files.xcfilelist",
			);
			name = "[CP] Embed Pods Frameworks";
			outputFileListPaths = (
				"${PODS_ROOT}/Target Support Files/Pods-CryptGuard_iOS/Pods-CryptGuard_iOS-frameworks-${CONFIGURATION}-output-files.xcfilelist",
			);
			runOnlyForDeploymentPostprocessing = 0;
			shellPath = /bin/sh;
			shellScript = "\"${PODS_ROOT}/Target Support Files/Pods-CryptGuard_iOS/Pods-CryptGuard_iOS-frameworks.sh\"\n";
			showEnvVarsInLog = 0;
		};
/* End PBXShellScriptBuildPhase section */

/* Begin PBXSourcesBuildPhase section */
		C826571F25B8E44000B403A6 /* Sources */ = {
			isa = PBXSourcesBuildPhase;
			buildActionMask = 2147483647;
			files = (
				C82F335525CE3B0800564852 /* utils.swift in Sources */,
				C831E6C925C8B05300E9B9A2 /* PasswordDataModel.swift in Sources */,
				C82B4A9225CCBC8600AC5620 /* EncryptedDocument.swift in Sources */,
				C82DACA225CDE9D800965BB7 /* DatabaseUtils.swift in Sources */,
				C8F09F3125BA2F44007F3B06 /* PasswordsListScreen.swift in Sources */,
				C826572925B8E44000B403A6 /* ContentView.swift in Sources */,
				C8263A9625BA36D300498258 /* PasswordsDetail.swift in Sources */,
				C826573725B8F8C200B403A6 /* MenuOption.swift in Sources */,
				C826572725B8E44000B403A6 /* CryptGuard_iOSApp.swift in Sources */,
				C8342EAC25CA3F3000631914 /* Encrypter.swift in Sources */,
				C8BF399E25C5FFAF00654042 /* PasswordGenerator.swift in Sources */,
				C826C85425BCFEC200D718A7 /* OnlineAccountScreen.swift in Sources */,
				C826C85125BCF99200D718A7 /* DatabaseScreen.swift in Sources */,
				C826C84E25BCF54500D718A7 /* EncrypterScreen.swift in Sources */,
				C826C84B25BCEF4A00D718A7 /* PasswordGeneratorScreen.swift in Sources */,
			);
			runOnlyForDeploymentPostprocessing = 0;
		};
/* End PBXSourcesBuildPhase section */

/* Begin XCBuildConfiguration section */
		C826573025B8E44900B403A6 /* Debug */ = {
			isa = XCBuildConfiguration;
			buildSettings = {
				ALWAYS_SEARCH_USER_PATHS = NO;
				CLANG_ANALYZER_NONNULL = YES;
				CLANG_ANALYZER_NUMBER_OBJECT_CONVERSION = YES_AGGRESSIVE;
				CLANG_CXX_LANGUAGE_STANDARD = "gnu++14";
				CLANG_CXX_LIBRARY = "libc++";
				CLANG_ENABLE_MODULES = YES;
				CLANG_ENABLE_OBJC_ARC = YES;
				CLANG_ENABLE_OBJC_WEAK = YES;
				CLANG_WARN_BLOCK_CAPTURE_AUTORELEASING = YES;
				CLANG_WARN_BOOL_CONVERSION = YES;
				CLANG_WARN_COMMA = YES;
				CLANG_WARN_CONSTANT_CONVERSION = YES;
				CLANG_WARN_DEPRECATED_OBJC_IMPLEMENTATIONS = YES;
				CLANG_WARN_DIRECT_OBJC_ISA_USAGE = YES_ERROR;
				CLANG_WARN_DOCUMENTATION_COMMENTS = YES;
				CLANG_WARN_EMPTY_BODY = YES;
				CLANG_WARN_ENUM_CONVERSION = YES;
				CLANG_WARN_INFINITE_RECURSION = YES;
				CLANG_WARN_INT_CONVERSION = YES;
				CLANG_WARN_NON_LITERAL_NULL_CONVERSION = YES;
				CLANG_WARN_OBJC_IMPLICIT_RETAIN_SELF = YES;
				CLANG_WARN_OBJC_LITERAL_CONVERSION = YES;
				CLANG_WARN_OBJC_ROOT_CLASS = YES_ERROR;
				CLANG_WARN_QUOTED_INCLUDE_IN_FRAMEWORK_HEADER = YES;
				CLANG_WARN_RANGE_LOOP_ANALYSIS = YES;
				CLANG_WARN_STRICT_PROTOTYPES = YES;
				CLANG_WARN_SUSPICIOUS_MOVE = YES;
				CLANG_WARN_UNGUARDED_AVAILABILITY = YES_AGGRESSIVE;
				CLANG_WARN_UNREACHABLE_CODE = YES;
				CLANG_WARN__DUPLICATE_METHOD_MATCH = YES;
				COPY_PHASE_STRIP = NO;
				DEBUG_INFORMATION_FORMAT = dwarf;
				DEVELOPMENT_TEAM = "owlhoo - Anes Hujevic";
				ENABLE_STRICT_OBJC_MSGSEND = YES;
				ENABLE_TESTABILITY = YES;
				GCC_C_LANGUAGE_STANDARD = gnu11;
				GCC_DYNAMIC_NO_PIC = NO;
				GCC_NO_COMMON_BLOCKS = YES;
				GCC_OPTIMIZATION_LEVEL = 0;
				GCC_PREPROCESSOR_DEFINITIONS = (
					"DEBUG=1",
					"$(inherited)",
				);
				GCC_WARN_64_TO_32_BIT_CONVERSION = YES;
				GCC_WARN_ABOUT_RETURN_TYPE = YES_ERROR;
				GCC_WARN_UNDECLARED_SELECTOR = YES;
				GCC_WARN_UNINITIALIZED_AUTOS = YES_AGGRESSIVE;
				GCC_WARN_UNUSED_FUNCTION = YES;
				GCC_WARN_UNUSED_VARIABLE = YES;
				IPHONEOS_DEPLOYMENT_TARGET = 14.0;
				MTL_ENABLE_DEBUG_INFO = INCLUDE_SOURCE;
				MTL_FAST_MATH = YES;
				ONLY_ACTIVE_ARCH = YES;
				SDKROOT = iphoneos;
				SWIFT_ACTIVE_COMPILATION_CONDITIONS = DEBUG;
				SWIFT_OPTIMIZATION_LEVEL = "-Onone";
			};
			name = Debug;
		};
		C826573125B8E44900B403A6 /* Release */ = {
			isa = XCBuildConfiguration;
			buildSettings = {
				ALWAYS_SEARCH_USER_PATHS = NO;
				CLANG_ANALYZER_NONNULL = YES;
				CLANG_ANALYZER_NUMBER_OBJECT_CONVERSION = YES_AGGRESSIVE;
				CLANG_CXX_LANGUAGE_STANDARD = "gnu++14";
				CLANG_CXX_LIBRARY = "libc++";
				CLANG_ENABLE_MODULES = YES;
				CLANG_ENABLE_OBJC_ARC = YES;
				CLANG_ENABLE_OBJC_WEAK = YES;
				CLANG_WARN_BLOCK_CAPTURE_AUTORELEASING = YES;
				CLANG_WARN_BOOL_CONVERSION = YES;
				CLANG_WARN_COMMA = YES;
				CLANG_WARN_CONSTANT_CONVERSION = YES;
				CLANG_WARN_DEPRECATED_OBJC_IMPLEMENTATIONS = YES;
				CLANG_WARN_DIRECT_OBJC_ISA_USAGE = YES_ERROR;
				CLANG_WARN_DOCUMENTATION_COMMENTS = YES;
				CLANG_WARN_EMPTY_BODY = YES;
				CLANG_WARN_ENUM_CONVERSION = YES;
				CLANG_WARN_INFINITE_RECURSION = YES;
				CLANG_WARN_INT_CONVERSION = YES;
				CLANG_WARN_NON_LITERAL_NULL_CONVERSION = YES;
				CLANG_WARN_OBJC_IMPLICIT_RETAIN_SELF = YES;
				CLANG_WARN_OBJC_LITERAL_CONVERSION = YES;
				CLANG_WARN_OBJC_ROOT_CLASS = YES_ERROR;
				CLANG_WARN_QUOTED_INCLUDE_IN_FRAMEWORK_HEADER = YES;
				CLANG_WARN_RANGE_LOOP_ANALYSIS = YES;
				CLANG_WARN_STRICT_PROTOTYPES = YES;
				CLANG_WARN_SUSPICIOUS_MOVE = YES;
				CLANG_WARN_UNGUARDED_AVAILABILITY = YES_AGGRESSIVE;
				CLANG_WARN_UNREACHABLE_CODE = YES;
				CLANG_WARN__DUPLICATE_METHOD_MATCH = YES;
				COPY_PHASE_STRIP = NO;
				DEBUG_INFORMATION_FORMAT = "dwarf-with-dsym";
				DEVELOPMENT_TEAM = "owlhoo - Anes Hujevic";
				ENABLE_NS_ASSERTIONS = NO;
				ENABLE_STRICT_OBJC_MSGSEND = YES;
				GCC_C_LANGUAGE_STANDARD = gnu11;
				GCC_NO_COMMON_BLOCKS = YES;
				GCC_WARN_64_TO_32_BIT_CONVERSION = YES;
				GCC_WARN_ABOUT_RETURN_TYPE = YES_ERROR;
				GCC_WARN_UNDECLARED_SELECTOR = YES;
				GCC_WARN_UNINITIALIZED_AUTOS = YES_AGGRESSIVE;
				GCC_WARN_UNUSED_FUNCTION = YES;
				GCC_WARN_UNUSED_VARIABLE = YES;
				IPHONEOS_DEPLOYMENT_TARGET = 14.0;
				MTL_ENABLE_DEBUG_INFO = NO;
				MTL_FAST_MATH = YES;
				SDKROOT = iphoneos;
				SWIFT_COMPILATION_MODE = wholemodule;
				SWIFT_OPTIMIZATION_LEVEL = "-O";
				VALIDATE_PRODUCT = YES;
			};
			name = Release;
		};
		C826573325B8E44900B403A6 /* Debug */ = {
			isa = XCBuildConfiguration;
			baseConfigurationReference = A2C14B45E9AC5B58D22168AE /* Pods-CryptGuard_iOS.debug.xcconfig */;
			buildSettings = {
				ASSETCATALOG_COMPILER_APPICON_NAME = AppIcon;
				ASSETCATALOG_COMPILER_GLOBAL_ACCENT_COLOR_NAME = AccentColor;
				CODE_SIGN_STYLE = Automatic;
				DEVELOPMENT_ASSET_PATHS = "\"CryptGuard_iOS/Preview Content\"";
				ENABLE_PREVIEWS = YES;
				INFOPLIST_FILE = CryptGuard_iOS/Info.plist;
				IPHONEOS_DEPLOYMENT_TARGET = 14.0;
				LD_RUNPATH_SEARCH_PATHS = (
					"$(inherited)",
					"@executable_path/Frameworks",
				);
				PRODUCT_BUNDLE_IDENTIFIER = "com.test.CryptGuard-iOS";
				PRODUCT_NAME = "$(TARGET_NAME)";
				SWIFT_VERSION = 5.0;
				TARGETED_DEVICE_FAMILY = "1,2";
			};
			name = Debug;
		};
		C826573425B8E44900B403A6 /* Release */ = {
			isa = XCBuildConfiguration;
			baseConfigurationReference = 55F2C42F7DFBB794A318A9D4 /* Pods-CryptGuard_iOS.release.xcconfig */;
			buildSettings = {
				ASSETCATALOG_COMPILER_APPICON_NAME = AppIcon;
				ASSETCATALOG_COMPILER_GLOBAL_ACCENT_COLOR_NAME = AccentColor;
				CODE_SIGN_STYLE = Automatic;
				DEVELOPMENT_ASSET_PATHS = "\"CryptGuard_iOS/Preview Content\"";
				ENABLE_PREVIEWS = YES;
				INFOPLIST_FILE = CryptGuard_iOS/Info.plist;
				IPHONEOS_DEPLOYMENT_TARGET = 14.0;
				LD_RUNPATH_SEARCH_PATHS = (
					"$(inherited)",
					"@executable_path/Frameworks",
				);
				PRODUCT_BUNDLE_IDENTIFIER = "com.test.CryptGuard-iOS";
				PRODUCT_NAME = "$(TARGET_NAME)";
				SWIFT_VERSION = 5.0;
				TARGETED_DEVICE_FAMILY = "1,2";
			};
			name = Release;
		};
/* End XCBuildConfiguration section */

/* Begin XCConfigurationList section */
		C826571E25B8E44000B403A6 /* Build configuration list for PBXProject "CryptGuard_iOS" */ = {
			isa = XCConfigurationList;
			buildConfigurations = (
				C826573025B8E44900B403A6 /* Debug */,
				C826573125B8E44900B403A6 /* Release */,
			);
			defaultConfigurationIsVisible = 0;
			defaultConfigurationName = Release;
		};
		C826573225B8E44900B403A6 /* Build configuration list for PBXNativeTarget "CryptGuard_iOS" */ = {
			isa = XCConfigurationList;
			buildConfigurations = (
				C826573325B8E44900B403A6 /* Debug */,
				C826573425B8E44900B403A6 /* Release */,
			);
			defaultConfigurationIsVisible = 0;
			defaultConfigurationName = Release;
		};
/* End XCConfigurationList section */

/* Begin XCRemoteSwiftPackageReference section */
		C888986A25CB4C1A00908582 /* XCRemoteSwiftPackageReference "CryptoSwift" */ = {
			isa = XCRemoteSwiftPackageReference;
			repositoryURL = "https://github.com/krzyzanowskim/CryptoSwift.git";
			requirement = {
				kind = upToNextMajorVersion;
				minimumVersion = 1.3.8;
			};
		};
/* End XCRemoteSwiftPackageReference section */

/* Begin XCSwiftPackageProductDependency section */
		C888986B25CB4C1A00908582 /* CryptoSwift */ = {
			isa = XCSwiftPackageProductDependency;
			package = C888986A25CB4C1A00908582 /* XCRemoteSwiftPackageReference "CryptoSwift" */;
			productName = CryptoSwift;
		};
/* End XCSwiftPackageProductDependency section */
	};
	rootObject = C826571B25B8E44000B403A6 /* Project object */;
}
